
Microsoft Visual Studio Solution File, Format Version 12.00
# Visual Studio Version 17
VisualStudioVersion = 17.13.35818.85 d17.13
MinimumVisualStudioVersion = 10.0.40219.1
Project("{FAE04EC0-301F-11D3-BF4B-00C04F79EFBC}") = "OrderReceiptGenerator", "OrderReceiptGenerator\OrderReceiptGenerator.csproj", "{BCB5C247-E7A7-4A1A-9E15-AA047DDAD9CE}"
EndProject
Global
	GlobalSection(SolutionConfigurationPlatforms) = preSolution
		Debug|Any CPU = Debug|Any CPU
		Release|Any CPU = Release|Any CPU
	EndGlobalSection
	GlobalSection(ProjectConfigurationPlatforms) = postSolution
		{BCB5C247-E7A7-4A1A-9E15-AA047DDAD9CE}.Debug|Any CPU.ActiveCfg = Debug|Any CPU
		{BCB5C247-E7A7-4A1A-9E15-AA047DDAD9CE}.Debug|Any CPU.Build.0 = Debug|Any CPU
		{BCB5C247-E7A7-4A1A-9E15-AA047DDAD9CE}.Release|Any CPU.ActiveCfg = Release|Any CPU
		{BCB5C247-E7A7-4A1A-9E15-AA047DDAD9CE}.Release|Any CPU.Build.0 = Release|Any CPU
	EndGlobalSection
	GlobalSection(SolutionProperties) = preSolution
		HideSolutionNode = FALSE
	EndGlobalSection
	GlobalSection(ExtensibilityGlobals) = postSolution
		SolutionGuid = {75862D32-FAFE-414B-8727-F2B4896CBBD4}
	EndGlobalSection
EndGlobal
