
Microsoft Visual Studio Solution File, Format Version 12.00
# Visual Studio Version 17
VisualStudioVersion = 17.9.34714.143
MinimumVisualStudioVersion = 10.0.40219.1
Project("{FAE04EC0-301F-11D3-BF4B-00C04F79EFBC}") = "C#_Basics_App", "C#_Basics_App.csproj", "{8BBE9B85-D6D6-4691-8452-6BF148D653EE}"
EndProject
Global
	GlobalSection(SolutionConfigurationPlatforms) = preSolution
		Debug|Any CPU = Debug|Any CPU
		Release|Any CPU = Release|Any CPU
	EndGlobalSection
	GlobalSection(ProjectConfigurationPlatforms) = postSolution
		{8BBE9B85-D6D6-4691-8452-6BF148D653EE}.Debug|Any CPU.ActiveCfg = Debug|Any CPU
		{8BBE9B85-D6D6-4691-8452-6BF148D653EE}.Debug|Any CPU.Build.0 = Debug|Any CPU
		{8BBE9B85-D6D6-4691-8452-6BF148D653EE}.Release|Any CPU.ActiveCfg = Release|Any CPU
		{8BBE9B85-D6D6-4691-8452-6BF148D653EE}.Release|Any CPU.Build.0 = Release|Any CPU
	EndGlobalSection
	GlobalSection(SolutionProperties) = preSolution
		HideSolutionNode = FALSE
	EndGlobalSection
	GlobalSection(ExtensibilityGlobals) = postSolution
		SolutionGuid = {AC4CDEFD-DB96-4C9F-A141-FF921318582B}
	EndGlobalSection
EndGlobal
