
Microsoft Visual Studio Solution File, Format Version 12.00
# Visual Studio Version 17
VisualStudioVersion = 17.5.33530.505
MinimumVisualStudioVersion = 10.0.40219.1
Project("{FAE04EC0-301F-11D3-BF4B-00C04F79EFBC}") = "LU3-References", "LU3-References\LU3-References.csproj", "{CBBD342F-CD4D-477B-B4D7-F7F8911BAED8}"
EndProject
Global
	GlobalSection(SolutionConfigurationPlatforms) = preSolution
		Debug|Any CPU = Debug|Any CPU
		Release|Any CPU = Release|Any CPU
	EndGlobalSection
	GlobalSection(ProjectConfigurationPlatforms) = postSolution
		{CBBD342F-CD4D-477B-B4D7-F7F8911BAED8}.Debug|Any CPU.ActiveCfg = Debug|Any CPU
		{CBBD342F-CD4D-477B-B4D7-F7F8911BAED8}.Debug|Any CPU.Build.0 = Debug|Any CPU
		{CBBD342F-CD4D-477B-B4D7-F7F8911BAED8}.Release|Any CPU.ActiveCfg = Release|Any CPU
		{CBBD342F-CD4D-477B-B4D7-F7F8911BAED8}.Release|Any CPU.Build.0 = Release|Any CPU
	EndGlobalSection
	GlobalSection(SolutionProperties) = preSolution
		HideSolutionNode = FALSE
	EndGlobalSection
	GlobalSection(ExtensibilityGlobals) = postSolution
		SolutionGuid = {D1705630-FC30-4540-AE6B-55B32992EF1C}
	EndGlobalSection
EndGlobal
