
Microsoft Visual Studio Solution File, Format Version 12.00
# Visual Studio Version 17
VisualStudioVersion = 17.13.35828.75 d17.13
MinimumVisualStudioVersion = 10.0.40219.1
Project("{FAE04EC0-301F-11D3-BF4B-00C04F79EFBC}") = "Snack_App", "Snack_App\Snack_App.csproj", "{675D3E3A-8E3D-47B7-81DE-D30C64D6CB59}"
EndProject
Global
	GlobalSection(SolutionConfigurationPlatforms) = preSolution
		Debug|Any CPU = Debug|Any CPU
		Release|Any CPU = Release|Any CPU
	EndGlobalSection
	GlobalSection(ProjectConfigurationPlatforms) = postSolution
		{675D3E3A-8E3D-47B7-81DE-D30C64D6CB59}.Debug|Any CPU.ActiveCfg = Debug|Any CPU
		{675D3E3A-8E3D-47B7-81DE-D30C64D6CB59}.Debug|Any CPU.Build.0 = Debug|Any CPU
		{675D3E3A-8E3D-47B7-81DE-D30C64D6CB59}.Release|Any CPU.ActiveCfg = Release|Any CPU
		{675D3E3A-8E3D-47B7-81DE-D30C64D6CB59}.Release|Any CPU.Build.0 = Release|Any CPU
	EndGlobalSection
	GlobalSection(SolutionProperties) = preSolution
		HideSolutionNode = FALSE
	EndGlobalSection
	GlobalSection(ExtensibilityGlobals) = postSolution
		SolutionGuid = {419E2502-AD33-474A-BBEB-F74E8BB6F51D}
	EndGlobalSection
EndGlobal
