
Microsoft Visual Studio Solution File, Format Version 12.00
# Visual Studio Version 17
VisualStudioVersion = 17.13.35825.156 d17.13
MinimumVisualStudioVersion = 10.0.40219.1
Project("{FAE04EC0-301F-11D3-BF4B-00C04F79EFBC}") = "Smart_Device_App", "Smart_Device_App\Smart_Device_App.csproj", "{8020762E-16F7-4941-8213-E7E3D9FB5CCC}"
EndProject
Global
	GlobalSection(SolutionConfigurationPlatforms) = preSolution
		Debug|Any CPU = Debug|Any CPU
		Release|Any CPU = Release|Any CPU
	EndGlobalSection
	GlobalSection(ProjectConfigurationPlatforms) = postSolution
		{8020762E-16F7-4941-8213-E7E3D9FB5CCC}.Debug|Any CPU.ActiveCfg = Debug|Any CPU
		{8020762E-16F7-4941-8213-E7E3D9FB5CCC}.Debug|Any CPU.Build.0 = Debug|Any CPU
		{8020762E-16F7-4941-8213-E7E3D9FB5CCC}.Release|Any CPU.ActiveCfg = Release|Any CPU
		{8020762E-16F7-4941-8213-E7E3D9FB5CCC}.Release|Any CPU.Build.0 = Release|Any CPU
	EndGlobalSection
	GlobalSection(SolutionProperties) = preSolution
		HideSolutionNode = FALSE
	EndGlobalSection
	GlobalSection(ExtensibilityGlobals) = postSolution
		SolutionGuid = {1A14CE4B-5900-4E04-9BF9-5DD16F48374A}
	EndGlobalSection
EndGlobal
