
Microsoft Visual Studio Solution File, Format Version 12.00
# Visual Studio Version 17
VisualStudioVersion = 17.13.35818.85 d17.13
MinimumVisualStudioVersion = 10.0.40219.1
Project("{FAE04EC0-301F-11D3-BF4B-00C04F79EFBC}") = "Lib_App_2025", "Lib_App_2025\Lib_App_2025.csproj", "{8CDBD315-6B1F-4944-B232-234C3E9D7925}"
EndProject
Global
	GlobalSection(SolutionConfigurationPlatforms) = preSolution
		Debug|Any CPU = Debug|Any CPU
		Release|Any CPU = Release|Any CPU
	EndGlobalSection
	GlobalSection(ProjectConfigurationPlatforms) = postSolution
		{8CDBD315-6B1F-4944-B232-234C3E9D7925}.Debug|Any CPU.ActiveCfg = Debug|Any CPU
		{8CDBD315-6B1F-4944-B232-234C3E9D7925}.Debug|Any CPU.Build.0 = Debug|Any CPU
		{8CDBD315-6B1F-4944-B232-234C3E9D7925}.Release|Any CPU.ActiveCfg = Release|Any CPU
		{8CDBD315-6B1F-4944-B232-234C3E9D7925}.Release|Any CPU.Build.0 = Release|Any CPU
	EndGlobalSection
	GlobalSection(SolutionProperties) = preSolution
		HideSolutionNode = FALSE
	EndGlobalSection
	GlobalSection(ExtensibilityGlobals) = postSolution
		SolutionGuid = {E808BF58-6C10-4A21-829A-7F8BAA448212}
	EndGlobalSection
EndGlobal
