
Microsoft Visual Studio Solution File, Format Version 12.00
# Visual Studio Version 17
VisualStudioVersion = 17.13.35825.156
MinimumVisualStudioVersion = 10.0.40219.1
Project("{FAE04EC0-301F-11D3-BF4B-00C04F79EFBC}") = "ASCII_Figgle_App", "ASCII_Figgle_App\ASCII_Figgle_App.csproj", "{E3EF4FCA-B8EE-4B16-A7EB-2B4B4C279397}"
EndProject
Global
	GlobalSection(SolutionConfigurationPlatforms) = preSolution
		Debug|Any CPU = Debug|Any CPU
		Release|Any CPU = Release|Any CPU
	EndGlobalSection
	GlobalSection(ProjectConfigurationPlatforms) = postSolution
		{E3EF4FCA-B8EE-4B16-A7EB-2B4B4C279397}.Debug|Any CPU.ActiveCfg = Debug|Any CPU
		{E3EF4FCA-B8EE-4B16-A7EB-2B4B4C279397}.Debug|Any CPU.Build.0 = Debug|Any CPU
		{E3EF4FCA-B8EE-4B16-A7EB-2B4B4C279397}.Release|Any CPU.ActiveCfg = Release|Any CPU
		{E3EF4FCA-B8EE-4B16-A7EB-2B4B4C279397}.Release|Any CPU.Build.0 = Release|Any CPU
	EndGlobalSection
	GlobalSection(SolutionProperties) = preSolution
		HideSolutionNode = FALSE
	EndGlobalSection
	GlobalSection(ExtensibilityGlobals) = postSolution
		SolutionGuid = {AB53DC24-294B-41BA-8E56-22B0F0A08AB4}
	EndGlobalSection
EndGlobal
