
Microsoft Visual Studio Solution File, Format Version 12.00
# Visual Studio Version 17
VisualStudioVersion = 17.13.35818.85 d17.13
MinimumVisualStudioVersion = 10.0.40219.1
Project("{FAE04EC0-301F-11D3-BF4B-00C04F79EFBC}") = "Var_Nullable_App", "Var_Nullable_App\Var_Nullable_App.csproj", "{2ADC7E8A-A624-412E-9256-45C80B3FC762}"
EndProject
Global
	GlobalSection(SolutionConfigurationPlatforms) = preSolution
		Debug|Any CPU = Debug|Any CPU
		Release|Any CPU = Release|Any CPU
	EndGlobalSection
	GlobalSection(ProjectConfigurationPlatforms) = postSolution
		{2ADC7E8A-A624-412E-9256-45C80B3FC762}.Debug|Any CPU.ActiveCfg = Debug|Any CPU
		{2ADC7E8A-A624-412E-9256-45C80B3FC762}.Debug|Any CPU.Build.0 = Debug|Any CPU
		{2ADC7E8A-A624-412E-9256-45C80B3FC762}.Release|Any CPU.ActiveCfg = Release|Any CPU
		{2ADC7E8A-A624-412E-9256-45C80B3FC762}.Release|Any CPU.Build.0 = Release|Any CPU
	EndGlobalSection
	GlobalSection(SolutionProperties) = preSolution
		HideSolutionNode = FALSE
	EndGlobalSection
	GlobalSection(ExtensibilityGlobals) = postSolution
		SolutionGuid = {4A7ABC85-1B4F-4B57-A0D1-F5E2C1A452EF}
	EndGlobalSection
EndGlobal
