
Microsoft Visual Studio Solution File, Format Version 12.00
# Visual Studio Version 17
VisualStudioVersion = 17.13.35828.75 d17.13
MinimumVisualStudioVersion = 10.0.40219.1
Project("{FAE04EC0-301F-11D3-BF4B-00C04F79EFBC}") = "Abstract_Class_Demo_App", "Abstract_Class_Demo_App\Abstract_Class_Demo_App.csproj", "{994B0FA3-C203-4324-9639-09E8B0FECE6E}"
EndProject
Global
	GlobalSection(SolutionConfigurationPlatforms) = preSolution
		Debug|Any CPU = Debug|Any CPU
		Release|Any CPU = Release|Any CPU
	EndGlobalSection
	GlobalSection(ProjectConfigurationPlatforms) = postSolution
		{994B0FA3-C203-4324-9639-09E8B0FECE6E}.Debug|Any CPU.ActiveCfg = Debug|Any CPU
		{994B0FA3-C203-4324-9639-09E8B0FECE6E}.Debug|Any CPU.Build.0 = Debug|Any CPU
		{994B0FA3-C203-4324-9639-09E8B0FECE6E}.Release|Any CPU.ActiveCfg = Release|Any CPU
		{994B0FA3-C203-4324-9639-09E8B0FECE6E}.Release|Any CPU.Build.0 = Release|Any CPU
	EndGlobalSection
	GlobalSection(SolutionProperties) = preSolution
		HideSolutionNode = FALSE
	EndGlobalSection
	GlobalSection(ExtensibilityGlobals) = postSolution
		SolutionGuid = {B4768516-449C-46B6-94F5-1808D97182BD}
	EndGlobalSection
EndGlobal
