
Microsoft Visual Studio Solution File, Format Version 12.00
# Visual Studio Version 17
VisualStudioVersion = 17.6.33723.286
MinimumVisualStudioVersion = 10.0.40219.1
Project("{FAE04EC0-301F-11D3-BF4B-00C04F79EFBC}") = "LU4-TipCalculator", "LU4-TipCalculator\LU4-TipCalculator.csproj", "{A3D72822-09C0-4396-B7AF-4BC4F6122A47}"
EndProject
Global
	GlobalSection(SolutionConfigurationPlatforms) = preSolution
		Debug|Any CPU = Debug|Any CPU
		Release|Any CPU = Release|Any CPU
	EndGlobalSection
	GlobalSection(ProjectConfigurationPlatforms) = postSolution
		{A3D72822-09C0-4396-B7AF-4BC4F6122A47}.Debug|Any CPU.ActiveCfg = Debug|Any CPU
		{A3D72822-09C0-4396-B7AF-4BC4F6122A47}.Debug|Any CPU.Build.0 = Debug|Any CPU
		{A3D72822-09C0-4396-B7AF-4BC4F6122A47}.Release|Any CPU.ActiveCfg = Release|Any CPU
		{A3D72822-09C0-4396-B7AF-4BC4F6122A47}.Release|Any CPU.Build.0 = Release|Any CPU
	EndGlobalSection
	GlobalSection(SolutionProperties) = preSolution
		HideSolutionNode = FALSE
	EndGlobalSection
	GlobalSection(ExtensibilityGlobals) = postSolution
		SolutionGuid = {AF92FD5A-6CF3-4893-91DB-A7F73EEE4181}
	EndGlobalSection
EndGlobal
