
Microsoft Visual Studio Solution File, Format Version 12.00
# Visual Studio Version 17
VisualStudioVersion = 17.13.35931.197 d17.13
MinimumVisualStudioVersion = 10.0.40219.1
Project("{FAE04EC0-301F-11D3-BF4B-00C04F79EFBC}") = "Health_Fitness_Tracker_App", "Health_Fitness_Tracker_App\Health_Fitness_Tracker_App.csproj", "{83A99353-0AE5-4B02-A98C-D9904124E380}"
EndProject
Global
	GlobalSection(SolutionConfigurationPlatforms) = preSolution
		Debug|Any CPU = Debug|Any CPU
		Release|Any CPU = Release|Any CPU
	EndGlobalSection
	GlobalSection(ProjectConfigurationPlatforms) = postSolution
		{83A99353-0AE5-4B02-A98C-D9904124E380}.Debug|Any CPU.ActiveCfg = Debug|Any CPU
		{83A99353-0AE5-4B02-A98C-D9904124E380}.Debug|Any CPU.Build.0 = Debug|Any CPU
		{83A99353-0AE5-4B02-A98C-D9904124E380}.Release|Any CPU.ActiveCfg = Release|Any CPU
		{83A99353-0AE5-4B02-A98C-D9904124E380}.Release|Any CPU.Build.0 = Release|Any CPU
	EndGlobalSection
	GlobalSection(SolutionProperties) = preSolution
		HideSolutionNode = FALSE
	EndGlobalSection
	GlobalSection(ExtensibilityGlobals) = postSolution
		SolutionGuid = {F5DBA144-2E34-4C69-B468-1B9260318CAA}
	EndGlobalSection
EndGlobal
